// !$*UTF8*$!
{
	archiveVersion = 1;
	classes = {
	};
	objectVersion = 46;
	objects = {

/* Begin PBXBuildFile section */
		7B0B937E1F1E5FF30002A11A /* FPSCounter.swift in Sources */ = {isa = PBXBuildFile; fileRef = 7B0B937D1F1E5FF30002A11A /* FPSCounter.swift */; };
		7B711C871ECC8B13001CB7C2 /* Main.storyboard in Resources */ = {isa = PBXBuildFile; fileRef = 7B711C851ECC8B13001CB7C2 /* Main.storyboard */; };
		7B711C891ECC8B13001CB7C2 /* Assets.xcassets in Resources */ = {isa = PBXBuildFile; fileRef = 7B711C881ECC8B13001CB7C2 /* Assets.xcassets */; };
		7B711C961ECC8B33001CB7C2 /* AppDelegate.swift in Sources */ = {isa = PBXBuildFile; fileRef = 7B711C941ECC8B33001CB7C2 /* AppDelegate.swift */; };
		7B711C971ECC8B33001CB7C2 /* VideoCapture.swift in Sources */ = {isa = PBXBuildFile; fileRef = 7B711C951ECC8B33001CB7C2 /* VideoCapture.swift */; };
		7B711C9D1ECC8BBD001CB7C2 /* CameraViewController.swift in Sources */ = {isa = PBXBuildFile; fileRef = 7B711C9B1ECC8BBD001CB7C2 /* CameraViewController.swift */; };
		7B711C9E1ECC8BBD001CB7C2 /* YOLO.swift in Sources */ = {isa = PBXBuildFile; fileRef = 7B711C9C1ECC8BBD001CB7C2 /* YOLO.swift */; };
		7B711CA01ECC8BF9001CB7C2 /* Forge.framework in Frameworks */ = {isa = PBXBuildFile; fileRef = 7B711C9F1ECC8BF9001CB7C2 /* Forge.framework */; };
		7B711CA11ECC8BF9001CB7C2 /* Forge.framework in Embed Frameworks */ = {isa = PBXBuildFile; fileRef = 7B711C9F1ECC8BF9001CB7C2 /* Forge.framework */; settings = {ATTRIBUTES = (CodeSignOnCopy, RemoveHeadersOnCopy, ); }; };
		7B711CF31ECDA2D4001CB7C2 /* BoundingBox.swift in Sources */ = {isa = PBXBuildFile; fileRef = 7B711CF21ECDA2D4001CB7C2 /* BoundingBox.swift */; };
		E90AFD441F45FA3D00D8110E /* bricks.png in Resources */ = {isa = PBXBuildFile; fileRef = E90AFD411F45FA3D00D8110E /* bricks.png */; };
		E90AFD451F45FA3D00D8110E /* danger.png in Resources */ = {isa = PBXBuildFile; fileRef = E90AFD421F45FA3D00D8110E /* danger.png */; };
		E90AFD461F45FA3D00D8110E /* gray.png in Resources */ = {isa = PBXBuildFile; fileRef = E90AFD431F45FA3D00D8110E /* gray.png */; };
		E96D6AE11F377789002CC7C6 /* dog.jpg in Resources */ = {isa = PBXBuildFile; fileRef = E96D6ADB1F376F2C002CC7C6 /* dog.jpg */; };
		E96D6AE21F377789002CC7C6 /* eagle.jpg in Resources */ = {isa = PBXBuildFile; fileRef = E96D6ADE1F376F2C002CC7C6 /* eagle.jpg */; };
		E96D6AE31F377789002CC7C6 /* giraffe.jpg in Resources */ = {isa = PBXBuildFile; fileRef = E96D6ADD1F376F2C002CC7C6 /* giraffe.jpg */; };
		E96D6AE41F377789002CC7C6 /* horses.jpg in Resources */ = {isa = PBXBuildFile; fileRef = E96D6AE01F376F2C002CC7C6 /* horses.jpg */; };
		E96D6AE51F377789002CC7C6 /* person.jpg in Resources */ = {isa = PBXBuildFile; fileRef = E96D6ADC1F376F2C002CC7C6 /* person.jpg */; };
		E96D6AE61F377789002CC7C6 /* scream.jpg in Resources */ = {isa = PBXBuildFile; fileRef = E96D6ADF1F376F2C002CC7C6 /* scream.jpg */; };
		E9B244661F504F31009AE8CC /* TinyYOLO.swift in Sources */ = {isa = PBXBuildFile; fileRef = E9B244651F504F31009AE8CC /* TinyYOLO.swift */; };
		E9B244681F504F64009AE8CC /* YOLO2.swift in Sources */ = {isa = PBXBuildFile; fileRef = E9B244671F504F64009AE8CC /* YOLO2.swift */; };
		E9BA7B441F54B8B100CB1972 /* tiny_yolo-conv2d_4.biases.bin in Resources */ = {isa = PBXBuildFile; fileRef = E9BA7B041F54B8AC00CB1972 /* tiny_yolo-conv2d_4.biases.bin */; };
		E9BA7B451F54B8B100CB1972 /* yolo-conv2d_6.weights.bin in Resources */ = {isa = PBXBuildFile; fileRef = E9BA7B051F54B8AD00CB1972 /* yolo-conv2d_6.weights.bin */; };
		E9BA7B461F54B8B200CB1972 /* yolo-conv2d_21.weights.bin in Resources */ = {isa = PBXBuildFile; fileRef = E9BA7B061F54B8AD00CB1972 /* yolo-conv2d_21.weights.bin */; };
		E9BA7B471F54B8B200CB1972 /* yolo-conv2d_17.biases.bin in Resources */ = {isa = PBXBuildFile; fileRef = E9BA7B071F54B8AD00CB1972 /* yolo-conv2d_17.biases.bin */; };
		E9BA7B481F54B8B200CB1972 /* yolo-conv2d_18.biases.bin in Resources */ = {isa = PBXBuildFile; fileRef = E9BA7B081F54B8AD00CB1972 /* yolo-conv2d_18.biases.bin */; };
		E9BA7B491F54B8B200CB1972 /* yolo-conv2d_15.weights.bin in Resources */ = {isa = PBXBuildFile; fileRef = E9BA7B091F54B8AD00CB1972 /* yolo-conv2d_15.weights.bin */; };
		E9BA7B4A1F54B8B200CB1972 /* tiny_yolo-conv2d_6.weights.bin in Resources */ = {isa = PBXBuildFile; fileRef = E9BA7B0A1F54B8AD00CB1972 /* tiny_yolo-conv2d_6.weights.bin */; };
		E9BA7B4B1F54B8B200CB1972 /* yolo-conv2d_20.weights.bin in Resources */ = {isa = PBXBuildFile; fileRef = E9BA7B0B1F54B8AD00CB1972 /* yolo-conv2d_20.weights.bin */; };
		E9BA7B4C1F54B8B200CB1972 /* yolo-conv2d_21.biases.bin in Resources */ = {isa = PBXBuildFile; fileRef = E9BA7B0C1F54B8AD00CB1972 /* yolo-conv2d_21.biases.bin */; };
		E9BA7B4D1F54B8B200CB1972 /* yolo-conv2d_5.weights.bin in Resources */ = {isa = PBXBuildFile; fileRef = E9BA7B0D1F54B8AD00CB1972 /* yolo-conv2d_5.weights.bin */; };
		E9BA7B4E1F54B8B200CB1972 /* tiny_yolo-conv2d_1.biases.bin in Resources */ = {isa = PBXBuildFile; fileRef = E9BA7B0E1F54B8AD00CB1972 /* tiny_yolo-conv2d_1.biases.bin */; };
		E9BA7B4F1F54B8B200CB1972 /* yolo-conv2d_8.biases.bin in Resources */ = {isa = PBXBuildFile; fileRef = E9BA7B0F1F54B8AE00CB1972 /* yolo-conv2d_8.biases.bin */; };
		E9BA7B501F54B8B200CB1972 /* tiny_yolo-conv2d_6.biases.bin in Resources */ = {isa = PBXBuildFile; fileRef = E9BA7B101F54B8AE00CB1972 /* tiny_yolo-conv2d_6.biases.bin */; };
		E9BA7B511F54B8B200CB1972 /* tiny_yolo-conv2d_8.biases.bin in Resources */ = {isa = PBXBuildFile; fileRef = E9BA7B111F54B8AE00CB1972 /* tiny_yolo-conv2d_8.biases.bin */; };
		E9BA7B521F54B8B200CB1972 /* yolo-conv2d_11.weights.bin in Resources */ = {isa = PBXBuildFile; fileRef = E9BA7B121F54B8AE00CB1972 /* yolo-conv2d_11.weights.bin */; };
		E9BA7B531F54B8B200CB1972 /* yolo-conv2d_12.weights.bin in Resources */ = {isa = PBXBuildFile; fileRef = E9BA7B131F54B8AE00CB1972 /* yolo-conv2d_12.weights.bin */; };
		E9BA7B541F54B8B200CB1972 /* yolo-conv2d_16.weights.bin in Resources */ = {isa = PBXBuildFile; fileRef = E9BA7B141F54B8AE00CB1972 /* yolo-conv2d_16.weights.bin */; };
		E9BA7B551F54B8B200CB1972 /* yolo-conv2d_10.weights.bin in Resources */ = {isa = PBXBuildFile; fileRef = E9BA7B151F54B8AE00CB1972 /* yolo-conv2d_10.weights.bin */; };
		E9BA7B561F54B8B200CB1972 /* tiny_yolo-conv2d_1.weights.bin in Resources */ = {isa = PBXBuildFile; fileRef = E9BA7B161F54B8AE00CB1972 /* tiny_yolo-conv2d_1.weights.bin */; };
		E9BA7B571F54B8B200CB1972 /* yolo-conv2d_19.biases.bin in Resources */ = {isa = PBXBuildFile; fileRef = E9BA7B171F54B8AE00CB1972 /* yolo-conv2d_19.biases.bin */; };
		E9BA7B581F54B8B200CB1972 /* yolo-conv2d_22.weights.bin in Resources */ = {isa = PBXBuildFile; fileRef = E9BA7B181F54B8AE00CB1972 /* yolo-conv2d_22.weights.bin */; };
		E9BA7B591F54B8B200CB1972 /* yolo-conv2d_2.biases.bin in Resources */ = {isa = PBXBuildFile; fileRef = E9BA7B191F54B8AE00CB1972 /* yolo-conv2d_2.biases.bin */; };
		E9BA7B5A1F54B8B200CB1972 /* tiny_yolo-conv2d_4.weights.bin in Resources */ = {isa = PBXBuildFile; fileRef = E9BA7B1A1F54B8AE00CB1972 /* tiny_yolo-conv2d_4.weights.bin */; };
		E9BA7B5B1F54B8B200CB1972 /* yolo-conv2d_7.weights.bin in Resources */ = {isa = PBXBuildFile; fileRef = E9BA7B1B1F54B8AE00CB1972 /* yolo-conv2d_7.weights.bin */; };
		E9BA7B5C1F54B8B200CB1972 /* yolo-conv2d_8.weights.bin in Resources */ = {isa = PBXBuildFile; fileRef = E9BA7B1C1F54B8AF00CB1972 /* yolo-conv2d_8.weights.bin */; };
		E9BA7B5D1F54B8B200CB1972 /* yolo-conv2d_3.biases.bin in Resources */ = {isa = PBXBuildFile; fileRef = E9BA7B1D1F54B8AF00CB1972 /* yolo-conv2d_3.biases.bin */; };
		E9BA7B5E1F54B8B200CB1972 /* tiny_yolo-conv2d_3.biases.bin in Resources */ = {isa = PBXBuildFile; fileRef = E9BA7B1E1F54B8AF00CB1972 /* tiny_yolo-conv2d_3.biases.bin */; };
		E9BA7B5F1F54B8B200CB1972 /* yolo-conv2d_5.biases.bin in Resources */ = {isa = PBXBuildFile; fileRef = E9BA7B1F1F54B8AF00CB1972 /* yolo-conv2d_5.biases.bin */; };
		E9BA7B601F54B8B200CB1972 /* tiny_yolo-conv2d_5.weights.bin in Resources */ = {isa = PBXBuildFile; fileRef = E9BA7B201F54B8AF00CB1972 /* tiny_yolo-conv2d_5.weights.bin */; };
		E9BA7B611F54B8B200CB1972 /* tiny_yolo-conv2d_2.biases.bin in Resources */ = {isa = PBXBuildFile; fileRef = E9BA7B211F54B8AF00CB1972 /* tiny_yolo-conv2d_2.biases.bin */; };
		E9BA7B621F54B8B200CB1972 /* tiny_yolo-conv2d_5.biases.bin in Resources */ = {isa = PBXBuildFile; fileRef = E9BA7B221F54B8AF00CB1972 /* tiny_yolo-conv2d_5.biases.bin */; };
		E9BA7B631F54B8B200CB1972 /* yolo-conv2d_13.biases.bin in Resources */ = {isa = PBXBuildFile; fileRef = E9BA7B231F54B8AF00CB1972 /* yolo-conv2d_13.biases.bin */; };
		E9BA7B641F54B8B200CB1972 /* tiny_yolo-conv2d_7.biases.bin in Resources */ = {isa = PBXBuildFile; fileRef = E9BA7B241F54B8AF00CB1972 /* tiny_yolo-conv2d_7.biases.bin */; };
		E9BA7B651F54B8B200CB1972 /* yolo-conv2d_14.weights.bin in Resources */ = {isa = PBXBuildFile; fileRef = E9BA7B251F54B8AF00CB1972 /* yolo-conv2d_14.weights.bin */; };
		E9BA7B661F54B8B200CB1972 /* yolo-conv2d_1.weights.bin in Resources */ = {isa = PBXBuildFile; fileRef = E9BA7B261F54B8AF00CB1972 /* yolo-conv2d_1.weights.bin */; };
		E9BA7B671F54B8B200CB1972 /* yolo-conv2d_9.weights.bin in Resources */ = {isa = PBXBuildFile; fileRef = E9BA7B271F54B8AF00CB1972 /* yolo-conv2d_9.weights.bin */; };
		E9BA7B681F54B8B200CB1972 /* tiny_yolo-conv2d_7.weights.bin in Resources */ = {isa = PBXBuildFile; fileRef = E9BA7B281F54B8AF00CB1972 /* tiny_yolo-conv2d_7.weights.bin */; };
		E9BA7B691F54B8B200CB1972 /* yolo-conv2d_18.weights.bin in Resources */ = {isa = PBXBuildFile; fileRef = E9BA7B291F54B8AF00CB1972 /* yolo-conv2d_18.weights.bin */; };
		E9BA7B6A1F54B8B200CB1972 /* yolo-conv2d_13.weights.bin in Resources */ = {isa = PBXBuildFile; fileRef = E9BA7B2A1F54B8B000CB1972 /* yolo-conv2d_13.weights.bin */; };
		E9BA7B6B1F54B8B200CB1972 /* yolo-conv2d_14.biases.bin in Resources */ = {isa = PBXBuildFile; fileRef = E9BA7B2B1F54B8B000CB1972 /* yolo-conv2d_14.biases.bin */; };
		E9BA7B6C1F54B8B200CB1972 /* yolo-conv2d_23.weights.bin in Resources */ = {isa = PBXBuildFile; fileRef = E9BA7B2C1F54B8B000CB1972 /* yolo-conv2d_23.weights.bin */; };
		E9BA7B6D1F54B8B200CB1972 /* yolo-conv2d_15.biases.bin in Resources */ = {isa = PBXBuildFile; fileRef = E9BA7B2D1F54B8B000CB1972 /* yolo-conv2d_15.biases.bin */; };
		E9BA7B6E1F54B8B200CB1972 /* yolo-conv2d_22.biases.bin in Resources */ = {isa = PBXBuildFile; fileRef = E9BA7B2E1F54B8B000CB1972 /* yolo-conv2d_22.biases.bin */; };
		E9BA7B6F1F54B8B200CB1972 /* tiny_yolo-conv2d_8.weights.bin in Resources */ = {isa = PBXBuildFile; fileRef = E9BA7B2F1F54B8B000CB1972 /* tiny_yolo-conv2d_8.weights.bin */; };
		E9BA7B701F54B8B200CB1972 /* yolo-conv2d_4.weights.bin in Resources */ = {isa = PBXBuildFile; fileRef = E9BA7B301F54B8B000CB1972 /* yolo-conv2d_4.weights.bin */; };
		E9BA7B711F54B8B200CB1972 /* yolo-conv2d_4.biases.bin in Resources */ = {isa = PBXBuildFile; fileRef = E9BA7B311F54B8B000CB1972 /* yolo-conv2d_4.biases.bin */; };
		E9BA7B721F54B8B200CB1972 /* yolo-conv2d_9.biases.bin in Resources */ = {isa = PBXBuildFile; fileRef = E9BA7B321F54B8B000CB1972 /* yolo-conv2d_9.biases.bin */; };
		E9BA7B731F54B8B200CB1972 /* yolo-conv2d_17.weights.bin in Resources */ = {isa = PBXBuildFile; fileRef = E9BA7B331F54B8B000CB1972 /* yolo-conv2d_17.weights.bin */; };
		E9BA7B741F54B8B200CB1972 /* yolo-conv2d_19.weights.bin in Resources */ = {isa = PBXBuildFile; fileRef = E9BA7B341F54B8B000CB1972 /* yolo-conv2d_19.weights.bin */; };
		E9BA7B751F54B8B200CB1972 /* tiny_yolo-conv2d_9.weights.bin in Resources */ = {isa = PBXBuildFile; fileRef = E9BA7B351F54B8B000CB1972 /* tiny_yolo-conv2d_9.weights.bin */; };
		E9BA7B761F54B8B200CB1972 /* yolo-conv2d_12.biases.bin in Resources */ = {isa = PBXBuildFile; fileRef = E9BA7B361F54B8B000CB1972 /* yolo-conv2d_12.biases.bin */; };
		E9BA7B771F54B8B200CB1972 /* tiny_yolo-conv2d_3.weights.bin in Resources */ = {isa = PBXBuildFile; fileRef = E9BA7B371F54B8B000CB1972 /* tiny_yolo-conv2d_3.weights.bin */; };
		E9BA7B781F54B8B200CB1972 /* yolo-conv2d_3.weights.bin in Resources */ = {isa = PBXBuildFile; fileRef = E9BA7B381F54B8B100CB1972 /* yolo-conv2d_3.weights.bin */; };
		E9BA7B791F54B8B200CB1972 /* yolo-conv2d_7.biases.bin in Resources */ = {isa = PBXBuildFile; fileRef = E9BA7B391F54B8B100CB1972 /* yolo-conv2d_7.biases.bin */; };
		E9BA7B7A1F54B8B200CB1972 /* yolo-conv2d_11.biases.bin in Resources */ = {isa = PBXBuildFile; fileRef = E9BA7B3A1F54B8B100CB1972 /* yolo-conv2d_11.biases.bin */; };
		E9BA7B7B1F54B8B200CB1972 /* yolo-conv2d_16.biases.bin in Resources */ = {isa = PBXBuildFile; fileRef = E9BA7B3B1F54B8B100CB1972 /* yolo-conv2d_16.biases.bin */; };
		E9BA7B7C1F54B8B200CB1972 /* tiny_yolo-conv2d_2.weights.bin in Resources */ = {isa = PBXBuildFile; fileRef = E9BA7B3C1F54B8B100CB1972 /* tiny_yolo-conv2d_2.weights.bin */; };
		E9BA7B7D1F54B8B200CB1972 /* yolo-conv2d_2.weights.bin in Resources */ = {isa = PBXBuildFile; fileRef = E9BA7B3D1F54B8B100CB1972 /* yolo-conv2d_2.weights.bin */; };
		E9BA7B7E1F54B8B200CB1972 /* tiny_yolo-conv2d_9.biases.bin in Resources */ = {isa = PBXBuildFile; fileRef = E9BA7B3E1F54B8B100CB1972 /* tiny_yolo-conv2d_9.biases.bin */; };
		E9BA7B7F1F54B8B200CB1972 /* yolo-conv2d_6.biases.bin in Resources */ = {isa = PBXBuildFile; fileRef = E9BA7B3F1F54B8B100CB1972 /* yolo-conv2d_6.biases.bin */; };
		E9BA7B801F54B8B200CB1972 /* yolo-conv2d_23.biases.bin in Resources */ = {isa = PBXBuildFile; fileRef = E9BA7B401F54B8B100CB1972 /* yolo-conv2d_23.biases.bin */; };
		E9BA7B811F54B8B200CB1972 /* yolo-conv2d_20.biases.bin in Resources */ = {isa = PBXBuildFile; fileRef = E9BA7B411F54B8B100CB1972 /* yolo-conv2d_20.biases.bin */; };
		E9BA7B821F54B8B200CB1972 /* yolo-conv2d_10.biases.bin in Resources */ = {isa = PBXBuildFile; fileRef = E9BA7B421F54B8B100CB1972 /* yolo-conv2d_10.biases.bin */; };
		E9BA7B831F54B8B200CB1972 /* yolo-conv2d_1.biases.bin in Resources */ = {isa = PBXBuildFile; fileRef = E9BA7B431F54B8B100CB1972 /* yolo-conv2d_1.biases.bin */; };
/* End PBXBuildFile section */

/* Begin PBXCopyFilesBuildPhase section */
		7B711CA21ECC8BF9001CB7C2 /* Embed Frameworks */ = {
			isa = PBXCopyFilesBuildPhase;
			buildActionMask = 2147483647;
			dstPath = "";
			dstSubfolderSpec = 10;
			files = (
				7B711CA11ECC8BF9001CB7C2 /* Forge.framework in Embed Frameworks */,
			);
			name = "Embed Frameworks";
			runOnlyForDeploymentPostprocessing = 0;
		};
/* End PBXCopyFilesBuildPhase section */

/* Begin PBXFileReference section */
		7B0B937D1F1E5FF30002A11A /* FPSCounter.swift */ = {isa = PBXFileReference; lastKnownFileType = sourcecode.swift; path = FPSCounter.swift; sourceTree = "<group>"; };
		7B711C7E1ECC8B13001CB7C2 /* YOLO.app */ = {isa = PBXFileReference; explicitFileType = wrapper.application; includeInIndex = 0; path = YOLO.app; sourceTree = BUILT_PRODUCTS_DIR; };
		7B711C861ECC8B13001CB7C2 /* Base */ = {isa = PBXFileReference; lastKnownFileType = file.storyboard; name = Base; path = Base.lproj/Main.storyboard; sourceTree = "<group>"; };
		7B711C881ECC8B13001CB7C2 /* Assets.xcassets */ = {isa = PBXFileReference; lastKnownFileType = folder.assetcatalog; path = Assets.xcassets; sourceTree = "<group>"; };
		7B711C8D1ECC8B13001CB7C2 /* Info.plist */ = {isa = PBXFileReference; lastKnownFileType = text.plist.xml; path = Info.plist; sourceTree = "<group>"; };
		7B711C941ECC8B33001CB7C2 /* AppDelegate.swift */ = {isa = PBXFileReference; fileEncoding = 4; lastKnownFileType = sourcecode.swift; path = AppDelegate.swift; sourceTree = "<group>"; };
		7B711C951ECC8B33001CB7C2 /* VideoCapture.swift */ = {isa = PBXFileReference; fileEncoding = 4; lastKnownFileType = sourcecode.swift; path = VideoCapture.swift; sourceTree = "<group>"; };
		7B711C9B1ECC8BBD001CB7C2 /* CameraViewController.swift */ = {isa = PBXFileReference; fileEncoding = 4; lastKnownFileType = sourcecode.swift; path = CameraViewController.swift; sourceTree = "<group>"; };
		7B711C9C1ECC8BBD001CB7C2 /* YOLO.swift */ = {isa = PBXFileReference; fileEncoding = 4; lastKnownFileType = sourcecode.swift; path = YOLO.swift; sourceTree = "<group>"; };
		7B711C9F1ECC8BF9001CB7C2 /* Forge.framework */ = {isa = PBXFileReference; explicitFileType = wrapper.framework; path = Forge.framework; sourceTree = BUILT_PRODUCTS_DIR; };
		7B711CF21ECDA2D4001CB7C2 /* BoundingBox.swift */ = {isa = PBXFileReference; fileEncoding = 4; lastKnownFileType = sourcecode.swift; path = BoundingBox.swift; sourceTree = "<group>"; };
		E90AFD411F45FA3D00D8110E /* bricks.png */ = {isa = PBXFileReference; lastKnownFileType = image.png; path = bricks.png; sourceTree = "<group>"; };
		E90AFD421F45FA3D00D8110E /* danger.png */ = {isa = PBXFileReference; lastKnownFileType = image.png; path = danger.png; sourceTree = "<group>"; };
		E90AFD431F45FA3D00D8110E /* gray.png */ = {isa = PBXFileReference; lastKnownFileType = image.png; path = gray.png; sourceTree = "<group>"; };
		E96D6ADB1F376F2C002CC7C6 /* dog.jpg */ = {isa = PBXFileReference; lastKnownFileType = image.jpeg; path = dog.jpg; sourceTree = "<group>"; };
		E96D6ADC1F376F2C002CC7C6 /* person.jpg */ = {isa = PBXFileReference; lastKnownFileType = image.jpeg; path = person.jpg; sourceTree = "<group>"; };
		E96D6ADD1F376F2C002CC7C6 /* giraffe.jpg */ = {isa = PBXFileReference; lastKnownFileType = image.jpeg; path = giraffe.jpg; sourceTree = "<group>"; };
		E96D6ADE1F376F2C002CC7C6 /* eagle.jpg */ = {isa = PBXFileReference; lastKnownFileType = image.jpeg; path = eagle.jpg; sourceTree = "<group>"; };
		E96D6ADF1F376F2C002CC7C6 /* scream.jpg */ = {isa = PBXFileReference; lastKnownFileType = image.jpeg; path = scream.jpg; sourceTree = "<group>"; };
		E96D6AE01F376F2C002CC7C6 /* horses.jpg */ = {isa = PBXFileReference; lastKnownFileType = image.jpeg; path = horses.jpg; sourceTree = "<group>"; };
		E9B244651F504F31009AE8CC /* TinyYOLO.swift */ = {isa = PBXFileReference; lastKnownFileType = sourcecode.swift; path = TinyYOLO.swift; sourceTree = "<group>"; };
		E9B244671F504F64009AE8CC /* YOLO2.swift */ = {isa = PBXFileReference; lastKnownFileType = sourcecode.swift; path = YOLO2.swift; sourceTree = "<group>"; };
		E9BA7B041F54B8AC00CB1972 /* tiny_yolo-conv2d_4.biases.bin */ = {isa = PBXFileReference; lastKnownFileType = archive.macbinary; name = "tiny_yolo-conv2d_4.biases.bin"; path = "Parameters/tiny_yolo-conv2d_4.biases.bin"; sourceTree = SOURCE_ROOT; };
		E9BA7B051F54B8AD00CB1972 /* yolo-conv2d_6.weights.bin */ = {isa = PBXFileReference; lastKnownFileType = archive.macbinary; name = "yolo-conv2d_6.weights.bin"; path = "Parameters/yolo-conv2d_6.weights.bin"; sourceTree = SOURCE_ROOT; };
		E9BA7B061F54B8AD00CB1972 /* yolo-conv2d_21.weights.bin */ = {isa = PBXFileReference; lastKnownFileType = archive.macbinary; name = "yolo-conv2d_21.weights.bin"; path = "Parameters/yolo-conv2d_21.weights.bin"; sourceTree = SOURCE_ROOT; };
		E9BA7B071F54B8AD00CB1972 /* yolo-conv2d_17.biases.bin */ = {isa = PBXFileReference; lastKnownFileType = archive.macbinary; name = "yolo-conv2d_17.biases.bin"; path = "Parameters/yolo-conv2d_17.biases.bin"; sourceTree = SOURCE_ROOT; };
		E9BA7B081F54B8AD00CB1972 /* yolo-conv2d_18.biases.bin */ = {isa = PBXFileReference; lastKnownFileType = archive.macbinary; name = "yolo-conv2d_18.biases.bin"; path = "Parameters/yolo-conv2d_18.biases.bin"; sourceTree = SOURCE_ROOT; };
		E9BA7B091F54B8AD00CB1972 /* yolo-conv2d_15.weights.bin */ = {isa = PBXFileReference; lastKnownFileType = archive.macbinary; name = "yolo-conv2d_15.weights.bin"; path = "Parameters/yolo-conv2d_15.weights.bin"; sourceTree = SOURCE_ROOT; };
		E9BA7B0A1F54B8AD00CB1972 /* tiny_yolo-conv2d_6.weights.bin */ = {isa = PBXFileReference; lastKnownFileType = archive.macbinary; name = "tiny_yolo-conv2d_6.weights.bin"; path = "Parameters/tiny_yolo-conv2d_6.weights.bin"; sourceTree = SOURCE_ROOT; };
		E9BA7B0B1F54B8AD00CB1972 /* yolo-conv2d_20.weights.bin */ = {isa = PBXFileReference; lastKnownFileType = archive.macbinary; name = "yolo-conv2d_20.weights.bin"; path = "Parameters/yolo-conv2d_20.weights.bin"; sourceTree = SOURCE_ROOT; };
		E9BA7B0C1F54B8AD00CB1972 /* yolo-conv2d_21.biases.bin */ = {isa = PBXFileReference; lastKnownFileType = archive.macbinary; name = "yolo-conv2d_21.biases.bin"; path = "Parameters/yolo-conv2d_21.biases.bin"; sourceTree = SOURCE_ROOT; };
		E9BA7B0D1F54B8AD00CB1972 /* yolo-conv2d_5.weights.bin */ = {isa = PBXFileReference; lastKnownFileType = archive.macbinary; name = "yolo-conv2d_5.weights.bin"; path = "Parameters/yolo-conv2d_5.weights.bin"; sourceTree = SOURCE_ROOT; };
		E9BA7B0E1F54B8AD00CB1972 /* tiny_yolo-conv2d_1.biases.bin */ = {isa = PBXFileReference; lastKnownFileType = archive.macbinary; name = "tiny_yolo-conv2d_1.biases.bin"; path = "Parameters/tiny_yolo-conv2d_1.biases.bin"; sourceTree = SOURCE_ROOT; };
		E9BA7B0F1F54B8AE00CB1972 /* yolo-conv2d_8.biases.bin */ = {isa = PBXFileReference; lastKnownFileType = archive.macbinary; name = "yolo-conv2d_8.biases.bin"; path = "Parameters/yolo-conv2d_8.biases.bin"; sourceTree = SOURCE_ROOT; };
		E9BA7B101F54B8AE00CB1972 /* tiny_yolo-conv2d_6.biases.bin */ = {isa = PBXFileReference; lastKnownFileType = archive.macbinary; name = "tiny_yolo-conv2d_6.biases.bin"; path = "Parameters/tiny_yolo-conv2d_6.biases.bin"; sourceTree = SOURCE_ROOT; };
		E9BA7B111F54B8AE00CB1972 /* tiny_yolo-conv2d_8.biases.bin */ = {isa = PBXFileReference; lastKnownFileType = archive.macbinary; name = "tiny_yolo-conv2d_8.biases.bin"; path = "Parameters/tiny_yolo-conv2d_8.biases.bin"; sourceTree = SOURCE_ROOT; };
		E9BA7B121F54B8AE00CB1972 /* yolo-conv2d_11.weights.bin */ = {isa = PBXFileReference; lastKnownFileType = archive.macbinary; name = "yolo-conv2d_11.weights.bin"; path = "Parameters/yolo-conv2d_11.weights.bin"; sourceTree = SOURCE_ROOT; };
		E9BA7B131F54B8AE00CB1972 /* yolo-conv2d_12.weights.bin */ = {isa = PBXFileReference; lastKnownFileType = archive.macbinary; name = "yolo-conv2d_12.weights.bin"; path = "Parameters/yolo-conv2d_12.weights.bin"; sourceTree = SOURCE_ROOT; };
		E9BA7B141F54B8AE00CB1972 /* yolo-conv2d_16.weights.bin */ = {isa = PBXFileReference; lastKnownFileType = archive.macbinary; name = "yolo-conv2d_16.weights.bin"; path = "Parameters/yolo-conv2d_16.weights.bin"; sourceTree = SOURCE_ROOT; };
		E9BA7B151F54B8AE00CB1972 /* yolo-conv2d_10.weights.bin */ = {isa = PBXFileReference; lastKnownFileType = archive.macbinary; name = "yolo-conv2d_10.weights.bin"; path = "Parameters/yolo-conv2d_10.weights.bin"; sourceTree = SOURCE_ROOT; };
		E9BA7B161F54B8AE00CB1972 /* tiny_yolo-conv2d_1.weights.bin */ = {isa = PBXFileReference; lastKnownFileType = archive.macbinary; name = "tiny_yolo-conv2d_1.weights.bin"; path = "Parameters/tiny_yolo-conv2d_1.weights.bin"; sourceTree = SOURCE_ROOT; };
		E9BA7B171F54B8AE00CB1972 /* yolo-conv2d_19.biases.bin */ = {isa = PBXFileReference; lastKnownFileType = archive.macbinary; name = "yolo-conv2d_19.biases.bin"; path = "Parameters/yolo-conv2d_19.biases.bin"; sourceTree = SOURCE_ROOT; };
		E9BA7B181F54B8AE00CB1972 /* yolo-conv2d_22.weights.bin */ = {isa = PBXFileReference; lastKnownFileType = archive.macbinary; name = "yolo-conv2d_22.weights.bin"; path = "Parameters/yolo-conv2d_22.weights.bin"; sourceTree = SOURCE_ROOT; };
		E9BA7B191F54B8AE00CB1972 /* yolo-conv2d_2.biases.bin */ = {isa = PBXFileReference; lastKnownFileType = archive.macbinary; name = "yolo-conv2d_2.biases.bin"; path = "Parameters/yolo-conv2d_2.biases.bin"; sourceTree = SOURCE_ROOT; };
		E9BA7B1A1F54B8AE00CB1972 /* tiny_yolo-conv2d_4.weights.bin */ = {isa = PBXFileReference; lastKnownFileType = archive.macbinary; name = "tiny_yolo-conv2d_4.weights.bin"; path = "Parameters/tiny_yolo-conv2d_4.weights.bin"; sourceTree = SOURCE_ROOT; };
		E9BA7B1B1F54B8AE00CB1972 /* yolo-conv2d_7.weights.bin */ = {isa = PBXFileReference; lastKnownFileType = archive.macbinary; name = "yolo-conv2d_7.weights.bin"; path = "Parameters/yolo-conv2d_7.weights.bin"; sourceTree = SOURCE_ROOT; };
		E9BA7B1C1F54B8AF00CB1972 /* yolo-conv2d_8.weights.bin */ = {isa = PBXFileReference; lastKnownFileType = archive.macbinary; name = "yolo-conv2d_8.weights.bin"; path = "Parameters/yolo-conv2d_8.weights.bin"; sourceTree = SOURCE_ROOT; };
		E9BA7B1D1F54B8AF00CB1972 /* yolo-conv2d_3.biases.bin */ = {isa = PBXFileReference; lastKnownFileType = archive.macbinary; name = "yolo-conv2d_3.biases.bin"; path = "Parameters/yolo-conv2d_3.biases.bin"; sourceTree = SOURCE_ROOT; };
		E9BA7B1E1F54B8AF00CB1972 /* tiny_yolo-conv2d_3.biases.bin */ = {isa = PBXFileReference; lastKnownFileType = archive.macbinary; name = "tiny_yolo-conv2d_3.biases.bin"; path = "Parameters/tiny_yolo-conv2d_3.biases.bin"; sourceTree = SOURCE_ROOT; };
		E9BA7B1F1F54B8AF00CB1972 /* yolo-conv2d_5.biases.bin */ = {isa = PBXFileReference; lastKnownFileType = archive.macbinary; name = "yolo-conv2d_5.biases.bin"; path = "Parameters/yolo-conv2d_5.biases.bin"; sourceTree = SOURCE_ROOT; };
		E9BA7B201F54B8AF00CB1972 /* tiny_yolo-conv2d_5.weights.bin */ = {isa = PBXFileReference; lastKnownFileType = archive.macbinary; name = "tiny_yolo-conv2d_5.weights.bin"; path = "Parameters/tiny_yolo-conv2d_5.weights.bin"; sourceTree = SOURCE_ROOT; };
		E9BA7B211F54B8AF00CB1972 /* tiny_yolo-conv2d_2.biases.bin */ = {isa = PBXFileReference; lastKnownFileType = archive.macbinary; name = "tiny_yolo-conv2d_2.biases.bin"; path = "Parameters/tiny_yolo-conv2d_2.biases.bin"; sourceTree = SOURCE_ROOT; };
		E9BA7B221F54B8AF00CB1972 /* tiny_yolo-conv2d_5.biases.bin */ = {isa = PBXFileReference; lastKnownFileType = archive.macbinary; name = "tiny_yolo-conv2d_5.biases.bin"; path = "Parameters/tiny_yolo-conv2d_5.biases.bin"; sourceTree = SOURCE_ROOT; };
		E9BA7B231F54B8AF00CB1972 /* yolo-conv2d_13.biases.bin */ = {isa = PBXFileReference; lastKnownFileType = archive.macbinary; name = "yolo-conv2d_13.biases.bin"; path = "Parameters/yolo-conv2d_13.biases.bin"; sourceTree = SOURCE_ROOT; };
		E9BA7B241F54B8AF00CB1972 /* tiny_yolo-conv2d_7.biases.bin */ = {isa = PBXFileReference; lastKnownFileType = archive.macbinary; name = "tiny_yolo-conv2d_7.biases.bin"; path = "Parameters/tiny_yolo-conv2d_7.biases.bin"; sourceTree = SOURCE_ROOT; };
		E9BA7B251F54B8AF00CB1972 /* yolo-conv2d_14.weights.bin */ = {isa = PBXFileReference; lastKnownFileType = archive.macbinary; name = "yolo-conv2d_14.weights.bin"; path = "Parameters/yolo-conv2d_14.weights.bin"; sourceTree = SOURCE_ROOT; };
		E9BA7B261F54B8AF00CB1972 /* yolo-conv2d_1.weights.bin */ = {isa = PBXFileReference; lastKnownFileType = archive.macbinary; name = "yolo-conv2d_1.weights.bin"; path = "Parameters/yolo-conv2d_1.weights.bin"; sourceTree = SOURCE_ROOT; };
		E9BA7B271F54B8AF00CB1972 /* yolo-conv2d_9.weights.bin */ = {isa = PBXFileReference; lastKnownFileType = archive.macbinary; name = "yolo-conv2d_9.weights.bin"; path = "Parameters/yolo-conv2d_9.weights.bin"; sourceTree = SOURCE_ROOT; };
		E9BA7B281F54B8AF00CB1972 /* tiny_yolo-conv2d_7.weights.bin */ = {isa = PBXFileReference; lastKnownFileType = archive.macbinary; name = "tiny_yolo-conv2d_7.weights.bin"; path = "Parameters/tiny_yolo-conv2d_7.weights.bin"; sourceTree = SOURCE_ROOT; };
		E9BA7B291F54B8AF00CB1972 /* yolo-conv2d_18.weights.bin */ = {isa = PBXFileReference; lastKnownFileType = archive.macbinary; name = "yolo-conv2d_18.weights.bin"; path = "Parameters/yolo-conv2d_18.weights.bin"; sourceTree = SOURCE_ROOT; };
		E9BA7B2A1F54B8B000CB1972 /* yolo-conv2d_13.weights.bin */ = {isa = PBXFileReference; lastKnownFileType = archive.macbinary; name = "yolo-conv2d_13.weights.bin"; path = "Parameters/yolo-conv2d_13.weights.bin"; sourceTree = SOURCE_ROOT; };
		E9BA7B2B1F54B8B000CB1972 /* yolo-conv2d_14.biases.bin */ = {isa = PBXFileReference; lastKnownFileType = archive.macbinary; name = "yolo-conv2d_14.biases.bin"; path = "Parameters/yolo-conv2d_14.biases.bin"; sourceTree = SOURCE_ROOT; };
		E9BA7B2C1F54B8B000CB1972 /* yolo-conv2d_23.weights.bin */ = {isa = PBXFileReference; lastKnownFileType = archive.macbinary; name = "yolo-conv2d_23.weights.bin"; path = "Parameters/yolo-conv2d_23.weights.bin"; sourceTree = SOURCE_ROOT; };
		E9BA7B2D1F54B8B000CB1972 /* yolo-conv2d_15.biases.bin */ = {isa = PBXFileReference; lastKnownFileType = archive.macbinary; name = "yolo-conv2d_15.biases.bin"; path = "Parameters/yolo-conv2d_15.biases.bin"; sourceTree = SOURCE_ROOT; };
		E9BA7B2E1F54B8B000CB1972 /* yolo-conv2d_22.biases.bin */ = {isa = PBXFileReference; lastKnownFileType = archive.macbinary; name = "yolo-conv2d_22.biases.bin"; path = "Parameters/yolo-conv2d_22.biases.bin"; sourceTree = SOURCE_ROOT; };
		E9BA7B2F1F54B8B000CB1972 /* tiny_yolo-conv2d_8.weights.bin */ = {isa = PBXFileReference; lastKnownFileType = archive.macbinary; name = "tiny_yolo-conv2d_8.weights.bin"; path = "Parameters/tiny_yolo-conv2d_8.weights.bin"; sourceTree = SOURCE_ROOT; };
		E9BA7B301F54B8B000CB1972 /* yolo-conv2d_4.weights.bin */ = {isa = PBXFileReference; lastKnownFileType = archive.macbinary; name = "yolo-conv2d_4.weights.bin"; path = "Parameters/yolo-conv2d_4.weights.bin"; sourceTree = SOURCE_ROOT; };
		E9BA7B311F54B8B000CB1972 /* yolo-conv2d_4.biases.bin */ = {isa = PBXFileReference; lastKnownFileType = archive.macbinary; name = "yolo-conv2d_4.biases.bin"; path = "Parameters/yolo-conv2d_4.biases.bin"; sourceTree = SOURCE_ROOT; };
		E9BA7B321F54B8B000CB1972 /* yolo-conv2d_9.biases.bin */ = {isa = PBXFileReference; lastKnownFileType = archive.macbinary; name = "yolo-conv2d_9.biases.bin"; path = "Parameters/yolo-conv2d_9.biases.bin"; sourceTree = SOURCE_ROOT; };
		E9BA7B331F54B8B000CB1972 /* yolo-conv2d_17.weights.bin */ = {isa = PBXFileReference; lastKnownFileType = archive.macbinary; name = "yolo-conv2d_17.weights.bin"; path = "Parameters/yolo-conv2d_17.weights.bin"; sourceTree = SOURCE_ROOT; };
		E9BA7B341F54B8B000CB1972 /* yolo-conv2d_19.weights.bin */ = {isa = PBXFileReference; lastKnownFileType = archive.macbinary; name = "yolo-conv2d_19.weights.bin"; path = "Parameters/yolo-conv2d_19.weights.bin"; sourceTree = SOURCE_ROOT; };
		E9BA7B351F54B8B000CB1972 /* tiny_yolo-conv2d_9.weights.bin */ = {isa = PBXFileReference; lastKnownFileType = archive.macbinary; name = "tiny_yolo-conv2d_9.weights.bin"; path = "Parameters/tiny_yolo-conv2d_9.weights.bin"; sourceTree = SOURCE_ROOT; };
		E9BA7B361F54B8B000CB1972 /* yolo-conv2d_12.biases.bin */ = {isa = PBXFileReference; lastKnownFileType = archive.macbinary; name = "yolo-conv2d_12.biases.bin"; path = "Parameters/yolo-conv2d_12.biases.bin"; sourceTree = SOURCE_ROOT; };
		E9BA7B371F54B8B000CB1972 /* tiny_yolo-conv2d_3.weights.bin */ = {isa = PBXFileReference; lastKnownFileType = archive.macbinary; name = "tiny_yolo-conv2d_3.weights.bin"; path = "Parameters/tiny_yolo-conv2d_3.weights.bin"; sourceTree = SOURCE_ROOT; };
		E9BA7B381F54B8B100CB1972 /* yolo-conv2d_3.weights.bin */ = {isa = PBXFileReference; lastKnownFileType = archive.macbinary; name = "yolo-conv2d_3.weights.bin"; path = "Parameters/yolo-conv2d_3.weights.bin"; sourceTree = SOURCE_ROOT; };
		E9BA7B391F54B8B100CB1972 /* yolo-conv2d_7.biases.bin */ = {isa = PBXFileReference; lastKnownFileType = archive.macbinary; name = "yolo-conv2d_7.biases.bin"; path = "Parameters/yolo-conv2d_7.biases.bin"; sourceTree = SOURCE_ROOT; };
		E9BA7B3A1F54B8B100CB1972 /* yolo-conv2d_11.biases.bin */ = {isa = PBXFileReference; lastKnownFileType = archive.macbinary; name = "yolo-conv2d_11.biases.bin"; path = "Parameters/yolo-conv2d_11.biases.bin"; sourceTree = SOURCE_ROOT; };
		E9BA7B3B1F54B8B100CB1972 /* yolo-conv2d_16.biases.bin */ = {isa = PBXFileReference; lastKnownFileType = archive.macbinary; name = "yolo-conv2d_16.biases.bin"; path = "Parameters/yolo-conv2d_16.biases.bin"; sourceTree = SOURCE_ROOT; };
		E9BA7B3C1F54B8B100CB1972 /* tiny_yolo-conv2d_2.weights.bin */ = {isa = PBXFileReference; lastKnownFileType = archive.macbinary; name = "tiny_yolo-conv2d_2.weights.bin"; path = "Parameters/tiny_yolo-conv2d_2.weights.bin"; sourceTree = SOURCE_ROOT; };
		E9BA7B3D1F54B8B100CB1972 /* yolo-conv2d_2.weights.bin */ = {isa = PBXFileReference; lastKnownFileType = archive.macbinary; name = "yolo-conv2d_2.weights.bin"; path = "Parameters/yolo-conv2d_2.weights.bin"; sourceTree = SOURCE_ROOT; };
		E9BA7B3E1F54B8B100CB1972 /* tiny_yolo-conv2d_9.biases.bin */ = {isa = PBXFileReference; lastKnownFileType = archive.macbinary; name = "tiny_yolo-conv2d_9.biases.bin"; path = "Parameters/tiny_yolo-conv2d_9.biases.bin"; sourceTree = SOURCE_ROOT; };
		E9BA7B3F1F54B8B100CB1972 /* yolo-conv2d_6.biases.bin */ = {isa = PBXFileReference; lastKnownFileType = archive.macbinary; name = "yolo-conv2d_6.biases.bin"; path = "Parameters/yolo-conv2d_6.biases.bin"; sourceTree = SOURCE_ROOT; };
		E9BA7B401F54B8B100CB1972 /* yolo-conv2d_23.biases.bin */ = {isa = PBXFileReference; lastKnownFileType = archive.macbinary; name = "yolo-conv2d_23.biases.bin"; path = "Parameters/yolo-conv2d_23.biases.bin"; sourceTree = SOURCE_ROOT; };
		E9BA7B411F54B8B100CB1972 /* yolo-conv2d_20.biases.bin */ = {isa = PBXFileReference; lastKnownFileType = archive.macbinary; name = "yolo-conv2d_20.biases.bin"; path = "Parameters/yolo-conv2d_20.biases.bin"; sourceTree = SOURCE_ROOT; };
		E9BA7B421F54B8B100CB1972 /* yolo-conv2d_10.biases.bin */ = {isa = PBXFileReference; lastKnownFileType = archive.macbinary; name = "yolo-conv2d_10.biases.bin"; path = "Parameters/yolo-conv2d_10.biases.bin"; sourceTree = SOURCE_ROOT; };
		E9BA7B431F54B8B100CB1972 /* yolo-conv2d_1.biases.bin */ = {isa = PBXFileReference; lastKnownFileType = archive.macbinary; name = "yolo-conv2d_1.biases.bin"; path = "Parameters/yolo-conv2d_1.biases.bin"; sourceTree = SOURCE_ROOT; };
/* End PBXFileReference section */

/* Begin PBXFrameworksBuildPhase section */
		7B711C7B1ECC8B13001CB7C2 /* Frameworks */ = {
			isa = PBXFrameworksBuildPhase;
			buildActionMask = 2147483647;
			files = (
				7B711CA01ECC8BF9001CB7C2 /* Forge.framework in Frameworks */,
			);
			runOnlyForDeploymentPostprocessing = 0;
		};
/* End PBXFrameworksBuildPhase section */

/* Begin PBXGroup section */
		7B711C751ECC8B13001CB7C2 = {
			isa = PBXGroup;
			children = (
				7B711C801ECC8B13001CB7C2 /* YOLO */,
				7B711C7F1ECC8B13001CB7C2 /* Products */,
				7B711C9F1ECC8BF9001CB7C2 /* Forge.framework */,
			);
			sourceTree = "<group>";
		};
		7B711C7F1ECC8B13001CB7C2 /* Products */ = {
			isa = PBXGroup;
			children = (
				7B711C7E1ECC8B13001CB7C2 /* YOLO.app */,
			);
			name = Products;
			sourceTree = "<group>";
		};
		7B711C801ECC8B13001CB7C2 /* YOLO */ = {
			isa = PBXGroup;
			children = (
				E96D6AD31F376EA8002CC7C6 /* Images */,
				7B711C981ECC8B37001CB7C2 /* Sources */,
				7B711C931ECC8B33001CB7C2 /* Common */,
				7B711C991ECC8B44001CB7C2 /* Parameters */,
				7B711C851ECC8B13001CB7C2 /* Main.storyboard */,
				7B711C881ECC8B13001CB7C2 /* Assets.xcassets */,
				7B711C8D1ECC8B13001CB7C2 /* Info.plist */,
			);
			path = YOLO;
			sourceTree = "<group>";
		};
		7B711C931ECC8B33001CB7C2 /* Common */ = {
			isa = PBXGroup;
			children = (
				7B711C941ECC8B33001CB7C2 /* AppDelegate.swift */,
				7B711C951ECC8B33001CB7C2 /* VideoCapture.swift */,
				7B0B937D1F1E5FF30002A11A /* FPSCounter.swift */,
			);
			name = Common;
			path = ../../Common;
			sourceTree = "<group>";
		};
		7B711C981ECC8B37001CB7C2 /* Sources */ = {
			isa = PBXGroup;
			children = (
				7B711C9B1ECC8BBD001CB7C2 /* CameraViewController.swift */,
				7B711CF21ECDA2D4001CB7C2 /* BoundingBox.swift */,
				7B711C9C1ECC8BBD001CB7C2 /* YOLO.swift */,
				E9B244651F504F31009AE8CC /* TinyYOLO.swift */,
				E9B244671F504F64009AE8CC /* YOLO2.swift */,
			);
			name = Sources;
			sourceTree = "<group>";
		};
		7B711C991ECC8B44001CB7C2 /* Parameters */ = {
			isa = PBXGroup;
			children = (
				E9BA7B0E1F54B8AD00CB1972 /* tiny_yolo-conv2d_1.biases.bin */,
				E9BA7B161F54B8AE00CB1972 /* tiny_yolo-conv2d_1.weights.bin */,
				E9BA7B211F54B8AF00CB1972 /* tiny_yolo-conv2d_2.biases.bin */,
				E9BA7B3C1F54B8B100CB1972 /* tiny_yolo-conv2d_2.weights.bin */,
				E9BA7B1E1F54B8AF00CB1972 /* tiny_yolo-conv2d_3.biases.bin */,
				E9BA7B371F54B8B000CB1972 /* tiny_yolo-conv2d_3.weights.bin */,
				E9BA7B041F54B8AC00CB1972 /* tiny_yolo-conv2d_4.biases.bin */,
				E9BA7B1A1F54B8AE00CB1972 /* tiny_yolo-conv2d_4.weights.bin */,
				E9BA7B221F54B8AF00CB1972 /* tiny_yolo-conv2d_5.biases.bin */,
				E9BA7B201F54B8AF00CB1972 /* tiny_yolo-conv2d_5.weights.bin */,
				E9BA7B101F54B8AE00CB1972 /* tiny_yolo-conv2d_6.biases.bin */,
				E9BA7B0A1F54B8AD00CB1972 /* tiny_yolo-conv2d_6.weights.bin */,
				E9BA7B241F54B8AF00CB1972 /* tiny_yolo-conv2d_7.biases.bin */,
				E9BA7B281F54B8AF00CB1972 /* tiny_yolo-conv2d_7.weights.bin */,
				E9BA7B111F54B8AE00CB1972 /* tiny_yolo-conv2d_8.biases.bin */,
				E9BA7B2F1F54B8B000CB1972 /* tiny_yolo-conv2d_8.weights.bin */,
				E9BA7B3E1F54B8B100CB1972 /* tiny_yolo-conv2d_9.biases.bin */,
				E9BA7B351F54B8B000CB1972 /* tiny_yolo-conv2d_9.weights.bin */,
				E9BA7B431F54B8B100CB1972 /* yolo-conv2d_1.biases.bin */,
				E9BA7B261F54B8AF00CB1972 /* yolo-conv2d_1.weights.bin */,
				E9BA7B191F54B8AE00CB1972 /* yolo-conv2d_2.biases.bin */,
				E9BA7B3D1F54B8B100CB1972 /* yolo-conv2d_2.weights.bin */,
				E9BA7B1D1F54B8AF00CB1972 /* yolo-conv2d_3.biases.bin */,
				E9BA7B381F54B8B100CB1972 /* yolo-conv2d_3.weights.bin */,
				E9BA7B311F54B8B000CB1972 /* yolo-conv2d_4.biases.bin */,
				E9BA7B301F54B8B000CB1972 /* yolo-conv2d_4.weights.bin */,
				E9BA7B1F1F54B8AF00CB1972 /* yolo-conv2d_5.biases.bin */,
				E9BA7B0D1F54B8AD00CB1972 /* yolo-conv2d_5.weights.bin */,
				E9BA7B3F1F54B8B100CB1972 /* yolo-conv2d_6.biases.bin */,
				E9BA7B051F54B8AD00CB1972 /* yolo-conv2d_6.weights.bin */,
				E9BA7B391F54B8B100CB1972 /* yolo-conv2d_7.biases.bin */,
				E9BA7B1B1F54B8AE00CB1972 /* yolo-conv2d_7.weights.bin */,
				E9BA7B0F1F54B8AE00CB1972 /* yolo-conv2d_8.biases.bin */,
				E9BA7B1C1F54B8AF00CB1972 /* yolo-conv2d_8.weights.bin */,
				E9BA7B321F54B8B000CB1972 /* yolo-conv2d_9.biases.bin */,
				E9BA7B271F54B8AF00CB1972 /* yolo-conv2d_9.weights.bin */,
				E9BA7B421F54B8B100CB1972 /* yolo-conv2d_10.biases.bin */,
				E9BA7B151F54B8AE00CB1972 /* yolo-conv2d_10.weights.bin */,
				E9BA7B3A1F54B8B100CB1972 /* yolo-conv2d_11.biases.bin */,
				E9BA7B121F54B8AE00CB1972 /* yolo-conv2d_11.weights.bin */,
				E9BA7B361F54B8B000CB1972 /* yolo-conv2d_12.biases.bin */,
				E9BA7B131F54B8AE00CB1972 /* yolo-conv2d_12.weights.bin */,
				E9BA7B231F54B8AF00CB1972 /* yolo-conv2d_13.biases.bin */,
				E9BA7B2A1F54B8B000CB1972 /* yolo-conv2d_13.weights.bin */,
				E9BA7B2B1F54B8B000CB1972 /* yolo-conv2d_14.biases.bin */,
				E9BA7B251F54B8AF00CB1972 /* yolo-conv2d_14.weights.bin */,
				E9BA7B2D1F54B8B000CB1972 /* yolo-conv2d_15.biases.bin */,
				E9BA7B091F54B8AD00CB1972 /* yolo-conv2d_15.weights.bin */,
				E9BA7B3B1F54B8B100CB1972 /* yolo-conv2d_16.biases.bin */,
				E9BA7B141F54B8AE00CB1972 /* yolo-conv2d_16.weights.bin */,
				E9BA7B071F54B8AD00CB1972 /* yolo-conv2d_17.biases.bin */,
				E9BA7B331F54B8B000CB1972 /* yolo-conv2d_17.weights.bin */,
				E9BA7B081F54B8AD00CB1972 /* yolo-conv2d_18.biases.bin */,
				E9BA7B291F54B8AF00CB1972 /* yolo-conv2d_18.weights.bin */,
				E9BA7B171F54B8AE00CB1972 /* yolo-conv2d_19.biases.bin */,
				E9BA7B341F54B8B000CB1972 /* yolo-conv2d_19.weights.bin */,
				E9BA7B411F54B8B100CB1972 /* yolo-conv2d_20.biases.bin */,
				E9BA7B0B1F54B8AD00CB1972 /* yolo-conv2d_20.weights.bin */,
				E9BA7B0C1F54B8AD00CB1972 /* yolo-conv2d_21.biases.bin */,
				E9BA7B061F54B8AD00CB1972 /* yolo-conv2d_21.weights.bin */,
				E9BA7B2E1F54B8B000CB1972 /* yolo-conv2d_22.biases.bin */,
				E9BA7B181F54B8AE00CB1972 /* yolo-conv2d_22.weights.bin */,
				E9BA7B401F54B8B100CB1972 /* yolo-conv2d_23.biases.bin */,
				E9BA7B2C1F54B8B000CB1972 /* yolo-conv2d_23.weights.bin */,
			);
			name = Parameters;
			sourceTree = "<group>";
		};
		E96D6AD31F376EA8002CC7C6 /* Images */ = {
			isa = PBXGroup;
			children = (
				E90AFD411F45FA3D00D8110E /* bricks.png */,
				E90AFD421F45FA3D00D8110E /* danger.png */,
				E90AFD431F45FA3D00D8110E /* gray.png */,
				E96D6ADB1F376F2C002CC7C6 /* dog.jpg */,
				E96D6ADE1F376F2C002CC7C6 /* eagle.jpg */,
				E96D6ADD1F376F2C002CC7C6 /* giraffe.jpg */,
				E96D6AE01F376F2C002CC7C6 /* horses.jpg */,
				E96D6ADC1F376F2C002CC7C6 /* person.jpg */,
				E96D6ADF1F376F2C002CC7C6 /* scream.jpg */,
			);
			name = Images;
			sourceTree = "<group>";
		};
/* End PBXGroup section */

/* Begin PBXNativeTarget section */
		7B711C7D1ECC8B13001CB7C2 /* YOLO */ = {
			isa = PBXNativeTarget;
			buildConfigurationList = 7B711C901ECC8B13001CB7C2 /* Build configuration list for PBXNativeTarget "YOLO" */;
			buildPhases = (
				7B711C7A1ECC8B13001CB7C2 /* Sources */,
				7B711C7B1ECC8B13001CB7C2 /* Frameworks */,
				7B711C7C1ECC8B13001CB7C2 /* Resources */,
				7B711CA21ECC8BF9001CB7C2 /* Embed Frameworks */,
			);
			buildRules = (
			);
			dependencies = (
			);
			name = YOLO;
			productName = YOLO;
			productReference = 7B711C7E1ECC8B13001CB7C2 /* YOLO.app */;
			productType = "com.apple.product-type.application";
		};
/* End PBXNativeTarget section */

/* Begin PBXProject section */
		7B711C761ECC8B13001CB7C2 /* Project object */ = {
			isa = PBXProject;
			attributes = {
				LastSwiftUpdateCheck = 0830;
				LastUpgradeCheck = 0900;
				ORGANIZATIONNAME = MachineThink;
				TargetAttributes = {
					7B711C7D1ECC8B13001CB7C2 = {
						CreatedOnToolsVersion = 8.3;
						DevelopmentTeam = 5U4CGEQN38;
						LastSwiftMigration = 0900;
						ProvisioningStyle = Automatic;
					};
				};
			};
			buildConfigurationList = 7B711C791ECC8B13001CB7C2 /* Build configuration list for PBXProject "YOLO" */;
			compatibilityVersion = "Xcode 3.2";
			developmentRegion = English;
			hasScannedForEncodings = 0;
			knownRegions = (
				en,
				Base,
			);
			mainGroup = 7B711C751ECC8B13001CB7C2;
			productRefGroup = 7B711C7F1ECC8B13001CB7C2 /* Products */;
			projectDirPath = "";
			projectRoot = "";
			targets = (
				7B711C7D1ECC8B13001CB7C2 /* YOLO */,
			);
		};
/* End PBXProject section */

/* Begin PBXResourcesBuildPhase section */
		7B711C7C1ECC8B13001CB7C2 /* Resources */ = {
			isa = PBXResourcesBuildPhase;
			buildActionMask = 2147483647;
			files = (
				E9BA7B471F54B8B200CB1972 /* yolo-conv2d_17.biases.bin in Resources */,
				7B711C891ECC8B13001CB7C2 /* Assets.xcassets in Resources */,
				E9BA7B6C1F54B8B200CB1972 /* yolo-conv2d_23.weights.bin in Resources */,
				E9BA7B621F54B8B200CB1972 /* tiny_yolo-conv2d_5.biases.bin in Resources */,
				E9BA7B481F54B8B200CB1972 /* yolo-conv2d_18.biases.bin in Resources */,
				E9BA7B4A1F54B8B200CB1972 /* tiny_yolo-conv2d_6.weights.bin in Resources */,
				E9BA7B561F54B8B200CB1972 /* tiny_yolo-conv2d_1.weights.bin in Resources */,
				E9BA7B7E1F54B8B200CB1972 /* tiny_yolo-conv2d_9.biases.bin in Resources */,
				E9BA7B811F54B8B200CB1972 /* yolo-conv2d_20.biases.bin in Resources */,
				E9BA7B5B1F54B8B200CB1972 /* yolo-conv2d_7.weights.bin in Resources */,
				E9BA7B5D1F54B8B200CB1972 /* yolo-conv2d_3.biases.bin in Resources */,
				E90AFD441F45FA3D00D8110E /* bricks.png in Resources */,
				E9BA7B591F54B8B200CB1972 /* yolo-conv2d_2.biases.bin in Resources */,
				E9BA7B5A1F54B8B200CB1972 /* tiny_yolo-conv2d_4.weights.bin in Resources */,
				E9BA7B761F54B8B200CB1972 /* yolo-conv2d_12.biases.bin in Resources */,
				E9BA7B671F54B8B200CB1972 /* yolo-conv2d_9.weights.bin in Resources */,
				E9BA7B521F54B8B200CB1972 /* yolo-conv2d_11.weights.bin in Resources */,
				E9BA7B7C1F54B8B200CB1972 /* tiny_yolo-conv2d_2.weights.bin in Resources */,
				E9BA7B711F54B8B200CB1972 /* yolo-conv2d_4.biases.bin in Resources */,
				E9BA7B4D1F54B8B200CB1972 /* yolo-conv2d_5.weights.bin in Resources */,
				E9BA7B651F54B8B200CB1972 /* yolo-conv2d_14.weights.bin in Resources */,
				E9BA7B541F54B8B200CB1972 /* yolo-conv2d_16.weights.bin in Resources */,
				E9BA7B611F54B8B200CB1972 /* tiny_yolo-conv2d_2.biases.bin in Resources */,
				E96D6AE11F377789002CC7C6 /* dog.jpg in Resources */,
				E9BA7B451F54B8B100CB1972 /* yolo-conv2d_6.weights.bin in Resources */,
				E9BA7B581F54B8B200CB1972 /* yolo-conv2d_22.weights.bin in Resources */,
				E9BA7B7F1F54B8B200CB1972 /* yolo-conv2d_6.biases.bin in Resources */,
				E96D6AE51F377789002CC7C6 /* person.jpg in Resources */,
				E9BA7B661F54B8B200CB1972 /* yolo-conv2d_1.weights.bin in Resources */,
				E9BA7B831F54B8B200CB1972 /* yolo-conv2d_1.biases.bin in Resources */,
				E96D6AE61F377789002CC7C6 /* scream.jpg in Resources */,
				E9BA7B531F54B8B200CB1972 /* yolo-conv2d_12.weights.bin in Resources */,
				E9BA7B5C1F54B8B200CB1972 /* yolo-conv2d_8.weights.bin in Resources */,
				E90AFD461F45FA3D00D8110E /* gray.png in Resources */,
				E9BA7B6D1F54B8B200CB1972 /* yolo-conv2d_15.biases.bin in Resources */,
				E9BA7B511F54B8B200CB1972 /* tiny_yolo-conv2d_8.biases.bin in Resources */,
				E9BA7B771F54B8B200CB1972 /* tiny_yolo-conv2d_3.weights.bin in Resources */,
				E96D6AE41F377789002CC7C6 /* horses.jpg in Resources */,
				E9BA7B731F54B8B200CB1972 /* yolo-conv2d_17.weights.bin in Resources */,
				E9BA7B721F54B8B200CB1972 /* yolo-conv2d_9.biases.bin in Resources */,
				E9BA7B821F54B8B200CB1972 /* yolo-conv2d_10.biases.bin in Resources */,
				E9BA7B751F54B8B200CB1972 /* tiny_yolo-conv2d_9.weights.bin in Resources */,
				E9BA7B501F54B8B200CB1972 /* tiny_yolo-conv2d_6.biases.bin in Resources */,
				E9BA7B6A1F54B8B200CB1972 /* yolo-conv2d_13.weights.bin in Resources */,
				E9BA7B4B1F54B8B200CB1972 /* yolo-conv2d_20.weights.bin in Resources */,
				E9BA7B6B1F54B8B200CB1972 /* yolo-conv2d_14.biases.bin in Resources */,
				E9BA7B801F54B8B200CB1972 /* yolo-conv2d_23.biases.bin in Resources */,
				E9BA7B741F54B8B200CB1972 /* yolo-conv2d_19.weights.bin in Resources */,
				E9BA7B631F54B8B200CB1972 /* yolo-conv2d_13.biases.bin in Resources */,
				7B711C871ECC8B13001CB7C2 /* Main.storyboard in Resources */,
				E9BA7B691F54B8B200CB1972 /* yolo-conv2d_18.weights.bin in Resources */,
				E9BA7B7B1F54B8B200CB1972 /* yolo-conv2d_16.biases.bin in Resources */,
				E9BA7B681F54B8B200CB1972 /* tiny_yolo-conv2d_7.weights.bin in Resources */,
				E9BA7B7A1F54B8B200CB1972 /* yolo-conv2d_11.biases.bin in Resources */,
				E9BA7B5E1F54B8B200CB1972 /* tiny_yolo-conv2d_3.biases.bin in Resources */,
				E96D6AE21F377789002CC7C6 /* eagle.jpg in Resources */,
				E96D6AE31F377789002CC7C6 /* giraffe.jpg in Resources */,
				E9BA7B6F1F54B8B200CB1972 /* tiny_yolo-conv2d_8.weights.bin in Resources */,
				E9BA7B791F54B8B200CB1972 /* yolo-conv2d_7.biases.bin in Resources */,
				E9BA7B4E1F54B8B200CB1972 /* tiny_yolo-conv2d_1.biases.bin in Resources */,
				E9BA7B6E1F54B8B200CB1972 /* yolo-conv2d_22.biases.bin in Resources */,
				E9BA7B4C1F54B8B200CB1972 /* yolo-conv2d_21.biases.bin in Resources */,
				E9BA7B441F54B8B100CB1972 /* tiny_yolo-conv2d_4.biases.bin in Resources */,
				E9BA7B601F54B8B200CB1972 /* tiny_yolo-conv2d_5.weights.bin in Resources */,
				E9BA7B701F54B8B200CB1972 /* yolo-conv2d_4.weights.bin in Resources */,
				E9BA7B491F54B8B200CB1972 /* yolo-conv2d_15.weights.bin in Resources */,
				E9BA7B5F1F54B8B200CB1972 /* yolo-conv2d_5.biases.bin in Resources */,
				E9BA7B461F54B8B200CB1972 /* yolo-conv2d_21.weights.bin in Resources */,
				E9BA7B641F54B8B200CB1972 /* tiny_yolo-conv2d_7.biases.bin in Resources */,
				E9BA7B781F54B8B200CB1972 /* yolo-conv2d_3.weights.bin in Resources */,
				E90AFD451F45FA3D00D8110E /* danger.png in Resources */,
				E9BA7B4F1F54B8B200CB1972 /* yolo-conv2d_8.biases.bin in Resources */,
				E9BA7B551F54B8B200CB1972 /* yolo-conv2d_10.weights.bin in Resources */,
				E9BA7B7D1F54B8B200CB1972 /* yolo-conv2d_2.weights.bin in Resources */,
				E9BA7B571F54B8B200CB1972 /* yolo-conv2d_19.biases.bin in Resources */,
			);
			runOnlyForDeploymentPostprocessing = 0;
		};
/* End PBXResourcesBuildPhase section */

/* Begin PBXSourcesBuildPhase section */
		7B711C7A1ECC8B13001CB7C2 /* Sources */ = {
			isa = PBXSourcesBuildPhase;
			buildActionMask = 2147483647;
			files = (
				E9B244661F504F31009AE8CC /* TinyYOLO.swift in Sources */,
				7B711CF31ECDA2D4001CB7C2 /* BoundingBox.swift in Sources */,
				7B711C971ECC8B33001CB7C2 /* VideoCapture.swift in Sources */,
				7B711C9D1ECC8BBD001CB7C2 /* CameraViewController.swift in Sources */,
				E9B244681F504F64009AE8CC /* YOLO2.swift in Sources */,
				7B711C961ECC8B33001CB7C2 /* AppDelegate.swift in Sources */,
				7B0B937E1F1E5FF30002A11A /* FPSCounter.swift in Sources */,
				7B711C9E1ECC8BBD001CB7C2 /* YOLO.swift in Sources */,
			);
			runOnlyForDeploymentPostprocessing = 0;
		};
/* End PBXSourcesBuildPhase section */

/* Begin PBXVariantGroup section */
		7B711C851ECC8B13001CB7C2 /* Main.storyboard */ = {
			isa = PBXVariantGroup;
			children = (
				7B711C861ECC8B13001CB7C2 /* Base */,
			);
			name = Main.storyboard;
			sourceTree = "<group>";
		};
/* End PBXVariantGroup section */

/* Begin XCBuildConfiguration section */
		7B711C8E1ECC8B13001CB7C2 /* Debug */ = {
			isa = XCBuildConfiguration;
			buildSettings = {
				ALWAYS_SEARCH_USER_PATHS = NO;
				CLANG_ANALYZER_NONNULL = YES;
				CLANG_ANALYZER_NUMBER_OBJECT_CONVERSION = YES_AGGRESSIVE;
				CLANG_CXX_LANGUAGE_STANDARD = "gnu++0x";
				CLANG_CXX_LIBRARY = "libc++";
				CLANG_ENABLE_MODULES = YES;
				CLANG_ENABLE_OBJC_ARC = YES;
				CLANG_WARN_BLOCK_CAPTURE_AUTORELEASING = YES;
				CLANG_WARN_BOOL_CONVERSION = YES;
				CLANG_WARN_COMMA = YES;
				CLANG_WARN_CONSTANT_CONVERSION = YES;
				CLANG_WARN_DIRECT_OBJC_ISA_USAGE = YES_ERROR;
				CLANG_WARN_DOCUMENTATION_COMMENTS = YES;
				CLANG_WARN_EMPTY_BODY = YES;
				CLANG_WARN_ENUM_CONVERSION = YES;
				CLANG_WARN_INFINITE_RECURSION = YES;
				CLANG_WARN_INT_CONVERSION = YES;
				CLANG_WARN_NON_LITERAL_NULL_CONVERSION = YES;
				CLANG_WARN_OBJC_LITERAL_CONVERSION = YES;
				CLANG_WARN_OBJC_ROOT_CLASS = YES_ERROR;
				CLANG_WARN_RANGE_LOOP_ANALYSIS = YES;
				CLANG_WARN_STRICT_PROTOTYPES = YES;
				CLANG_WARN_SUSPICIOUS_MOVE = YES;
				CLANG_WARN_UNREACHABLE_CODE = YES;
				CLANG_WARN__DUPLICATE_METHOD_MATCH = YES;
				"CODE_SIGN_IDENTITY[sdk=iphoneos*]" = "iPhone Developer";
				COPY_PHASE_STRIP = NO;
				DEBUG_INFORMATION_FORMAT = dwarf;
				ENABLE_STRICT_OBJC_MSGSEND = YES;
				ENABLE_TESTABILITY = YES;
				GCC_C_LANGUAGE_STANDARD = gnu99;
				GCC_DYNAMIC_NO_PIC = NO;
				GCC_NO_COMMON_BLOCKS = YES;
				GCC_OPTIMIZATION_LEVEL = 0;
				GCC_PREPROCESSOR_DEFINITIONS = (
					"DEBUG=1",
					"$(inherited)",
				);
				GCC_WARN_64_TO_32_BIT_CONVERSION = YES;
				GCC_WARN_ABOUT_RETURN_TYPE = YES_ERROR;
				GCC_WARN_UNDECLARED_SELECTOR = YES;
				GCC_WARN_UNINITIALIZED_AUTOS = YES_AGGRESSIVE;
				GCC_WARN_UNUSED_FUNCTION = YES;
				GCC_WARN_UNUSED_VARIABLE = YES;
				IPHONEOS_DEPLOYMENT_TARGET = 11.0;
				MTL_ENABLE_DEBUG_INFO = YES;
				ONLY_ACTIVE_ARCH = YES;
				SDKROOT = iphoneos;
				SWIFT_ACTIVE_COMPILATION_CONDITIONS = DEBUG;
				SWIFT_OPTIMIZATION_LEVEL = "-Onone";
				TARGETED_DEVICE_FAMILY = "1,2";
			};
			name = Debug;
		};
		7B711C8F1ECC8B13001CB7C2 /* Release */ = {
			isa = XCBuildConfiguration;
			buildSettings = {
				ALWAYS_SEARCH_USER_PATHS = NO;
				CLANG_ANALYZER_NONNULL = YES;
				CLANG_ANALYZER_NUMBER_OBJECT_CONVERSION = YES_AGGRESSIVE;
				CLANG_CXX_LANGUAGE_STANDARD = "gnu++0x";
				CLANG_CXX_LIBRARY = "libc++";
				CLANG_ENABLE_MODULES = YES;
				CLANG_ENABLE_OBJC_ARC = YES;
				CLANG_WARN_BLOCK_CAPTURE_AUTORELEASING = YES;
				CLANG_WARN_BOOL_CONVERSION = YES;
				CLANG_WARN_COMMA = YES;
				CLANG_WARN_CONSTANT_CONVERSION = YES;
				CLANG_WARN_DIRECT_OBJC_ISA_USAGE = YES_ERROR;
				CLANG_WARN_DOCUMENTATION_COMMENTS = YES;
				CLANG_WARN_EMPTY_BODY = YES;
				CLANG_WARN_ENUM_CONVERSION = YES;
				CLANG_WARN_INFINITE_RECURSION = YES;
				CLANG_WARN_INT_CONVERSION = YES;
				CLANG_WARN_NON_LITERAL_NULL_CONVERSION = YES;
				CLANG_WARN_OBJC_LITERAL_CONVERSION = YES;
				CLANG_WARN_OBJC_ROOT_CLASS = YES_ERROR;
				CLANG_WARN_RANGE_LOOP_ANALYSIS = YES;
				CLANG_WARN_STRICT_PROTOTYPES = YES;
				CLANG_WARN_SUSPICIOUS_MOVE = YES;
				CLANG_WARN_UNREACHABLE_CODE = YES;
				CLANG_WARN__DUPLICATE_METHOD_MATCH = YES;
				"CODE_SIGN_IDENTITY[sdk=iphoneos*]" = "iPhone Developer";
				COPY_PHASE_STRIP = NO;
				DEBUG_INFORMATION_FORMAT = "dwarf-with-dsym";
				ENABLE_NS_ASSERTIONS = NO;
				ENABLE_STRICT_OBJC_MSGSEND = YES;
				GCC_C_LANGUAGE_STANDARD = gnu99;
				GCC_NO_COMMON_BLOCKS = YES;
				GCC_WARN_64_TO_32_BIT_CONVERSION = YES;
				GCC_WARN_ABOUT_RETURN_TYPE = YES_ERROR;
				GCC_WARN_UNDECLARED_SELECTOR = YES;
				GCC_WARN_UNINITIALIZED_AUTOS = YES_AGGRESSIVE;
				GCC_WARN_UNUSED_FUNCTION = YES;
				GCC_WARN_UNUSED_VARIABLE = YES;
				IPHONEOS_DEPLOYMENT_TARGET = 11.0;
				MTL_ENABLE_DEBUG_INFO = NO;
				SDKROOT = iphoneos;
				SWIFT_ACTIVE_COMPILATION_CONDITIONS = "";
				SWIFT_OPTIMIZATION_LEVEL = "-Owholemodule";
				TARGETED_DEVICE_FAMILY = "1,2";
				VALIDATE_PRODUCT = YES;
			};
			name = Release;
		};
		7B711C911ECC8B13001CB7C2 /* Debug */ = {
			isa = XCBuildConfiguration;
			buildSettings = {
				ASSETCATALOG_COMPILER_APPICON_NAME = AppIcon;
				DEVELOPMENT_TEAM = 5U4CGEQN38;
				GCC_OPTIMIZATION_LEVEL = s;
				INFOPLIST_FILE = YOLO/Info.plist;
				IPHONEOS_DEPLOYMENT_TARGET = 11.0;
				LD_RUNPATH_SEARCH_PATHS = "$(inherited) @executable_path/Frameworks";
				PRODUCT_BUNDLE_IDENTIFIER = com.tognos.YOLO;
				PRODUCT_NAME = "$(TARGET_NAME)";
				SWIFT_OPTIMIZATION_LEVEL = "-Owholemodule";
				SWIFT_SWIFT3_OBJC_INFERENCE = Off;
				SWIFT_VERSION = 4.0;
				VALID_ARCHS = arm64;
			};
			name = Debug;
		};
		7B711C921ECC8B13001CB7C2 /* Release */ = {
			isa = XCBuildConfiguration;
			buildSettings = {
				ASSETCATALOG_COMPILER_APPICON_NAME = AppIcon;
				DEVELOPMENT_TEAM = 5U4CGEQN38;
				INFOPLIST_FILE = YOLO/Info.plist;
				IPHONEOS_DEPLOYMENT_TARGET = 11.0;
				LD_RUNPATH_SEARCH_PATHS = "$(inherited) @executable_path/Frameworks";
				PRODUCT_BUNDLE_IDENTIFIER = com.tognos.YOLO;
				PRODUCT_NAME = "$(TARGET_NAME)";
				SWIFT_SWIFT3_OBJC_INFERENCE = Off;
				SWIFT_VERSION = 4.0;
				VALID_ARCHS = arm64;
			};
			name = Release;
		};
/* End XCBuildConfiguration section */

/* Begin XCConfigurationList section */
		7B711C791ECC8B13001CB7C2 /* Build configuration list for PBXProject "YOLO" */ = {
			isa = XCConfigurationList;
			buildConfigurations = (
				7B711C8E1ECC8B13001CB7C2 /* Debug */,
				7B711C8F1ECC8B13001CB7C2 /* Release */,
			);
			defaultConfigurationIsVisible = 0;
			defaultConfigurationName = Release;
		};
		7B711C901ECC8B13001CB7C2 /* Build configuration list for PBXNativeTarget "YOLO" */ = {
			isa = XCConfigurationList;
			buildConfigurations = (
				7B711C911ECC8B13001CB7C2 /* Debug */,
				7B711C921ECC8B13001CB7C2 /* Release */,
			);
			defaultConfigurationIsVisible = 0;
			defaultConfigurationName = Release;
		};
/* End XCConfigurationList section */
	};
	rootObject = 7B711C761ECC8B13001CB7C2 /* Project object */;
}
